// !$*UTF8*$!
{
	archiveVersion = 1;
	classes = {
	};
	objectVersion = 46;
	objects = {

/* Begin PBXBuildFile section */
		3C8C2F191CCE378D00B5890C /* AppDelegate.swift in Sources */ = {isa = PBXBuildFile; fileRef = 3C8C2F181CCE378D00B5890C /* AppDelegate.swift */; };
		3C8C2F1E1CCE378D00B5890C /* Main.storyboard in Resources */ = {isa = PBXBuildFile; fileRef = 3C8C2F1C1CCE378D00B5890C /* Main.storyboard */; };
		3C8C2F201CCE378D00B5890C /* Assets.xcassets in Resources */ = {isa = PBXBuildFile; fileRef = 3C8C2F1F1CCE378D00B5890C /* Assets.xcassets */; };
		3C8C2F231CCE378D00B5890C /* LaunchScreen.storyboard in Resources */ = {isa = PBXBuildFile; fileRef = 3C8C2F211CCE378D00B5890C /* LaunchScreen.storyboard */; };
		3C8C2F2B1CCE37DE00B5890C /* RootViewController.swift in Sources */ = {isa = PBXBuildFile; fileRef = 3C8C2F2A1CCE37DE00B5890C /* RootViewController.swift */; };
		3C8C2F2D1CCE38AF00B5890C /* MyCell.swift in Sources */ = {isa = PBXBuildFile; fileRef = 3C8C2F2C1CCE38AF00B5890C /* MyCell.swift */; };
		3C8C2F341CCE3FA900B5890C /* UIColor+YBKAdditions.swift in Sources */ = {isa = PBXBuildFile; fileRef = 3C8C2F321CCE3FA900B5890C /* UIColor+YBKAdditions.swift */; };
		3C8C2F351CCE3FA900B5890C /* UIFont+YBKAdditions.swift in Sources */ = {isa = PBXBuildFile; fileRef = 3C8C2F331CCE3FA900B5890C /* UIFont+YBKAdditions.swift */; };
		3C8C2F3D1CCE43A500B5890C /* StationModel.swift in Sources */ = {isa = PBXBuildFile; fileRef = 3C8C2F3C1CCE43A500B5890C /* StationModel.swift */; };
		3C8C2F3F1CCE455500B5890C /* youbike.json in Resources */ = {isa = PBXBuildFile; fileRef = 3C8C2F3E1CCE455500B5890C /* youbike.json */; };
		3C8C2F411CCE53BE00B5890C /* NavigationController.swift in Sources */ = {isa = PBXBuildFile; fileRef = 3C8C2F401CCE53BE00B5890C /* NavigationController.swift */; };
		3C985DD21CCF986E00B1B5F2 /* MyMap.swift in Sources */ = {isa = PBXBuildFile; fileRef = 3C985DD11CCF986E00B1B5F2 /* MyMap.swift */; };
		3C985DD41CCF98BE00B1B5F2 /* MapViewController.swift in Sources */ = {isa = PBXBuildFile; fileRef = 3C985DD31CCF98BE00B1B5F2 /* MapViewController.swift */; };
/* End PBXBuildFile section */

/* Begin PBXFileReference section */
		3C8C2F151CCE378D00B5890C /* youbike.app */ = {isa = PBXFileReference; explicitFileType = wrapper.application; includeInIndex = 0; path = youbike.app; sourceTree = BUILT_PRODUCTS_DIR; };
		3C8C2F181CCE378D00B5890C /* AppDelegate.swift */ = {isa = PBXFileReference; lastKnownFileType = sourcecode.swift; path = AppDelegate.swift; sourceTree = "<group>"; };
		3C8C2F1D1CCE378D00B5890C /* Base */ = {isa = PBXFileReference; lastKnownFileType = file.storyboard; name = Base; path = Base.lproj/Main.storyboard; sourceTree = "<group>"; };
		3C8C2F1F1CCE378D00B5890C /* Assets.xcassets */ = {isa = PBXFileReference; lastKnownFileType = folder.assetcatalog; path = Assets.xcassets; sourceTree = "<group>"; };
		3C8C2F221CCE378D00B5890C /* Base */ = {isa = PBXFileReference; lastKnownFileType = file.storyboard; name = Base; path = Base.lproj/LaunchScreen.storyboard; sourceTree = "<group>"; };
		3C8C2F241CCE378D00B5890C /* Info.plist */ = {isa = PBXFileReference; lastKnownFileType = text.plist.xml; path = Info.plist; sourceTree = "<group>"; };
		3C8C2F2A1CCE37DE00B5890C /* RootViewController.swift */ = {isa = PBXFileReference; fileEncoding = 4; lastKnownFileType = sourcecode.swift; path = RootViewController.swift; sourceTree = "<group>"; };
		3C8C2F2C1CCE38AF00B5890C /* MyCell.swift */ = {isa = PBXFileReference; fileEncoding = 4; lastKnownFileType = sourcecode.swift; name = MyCell.swift; path = youbike/stations/MyCell.swift; sourceTree = "<group>"; };
		3C8C2F321CCE3FA900B5890C /* UIColor+YBKAdditions.swift */ = {isa = PBXFileReference; fileEncoding = 4; lastKnownFileType = sourcecode.swift; name = "UIColor+YBKAdditions.swift"; path = "youbike/stations/UIColor+YBKAdditions.swift"; sourceTree = "<group>"; };
		3C8C2F331CCE3FA900B5890C /* UIFont+YBKAdditions.swift */ = {isa = PBXFileReference; fileEncoding = 4; lastKnownFileType = sourcecode.swift; name = "UIFont+YBKAdditions.swift"; path = "youbike/stations/UIFont+YBKAdditions.swift"; sourceTree = "<group>"; };
		3C8C2F3C1CCE43A500B5890C /* StationModel.swift */ = {isa = PBXFileReference; fileEncoding = 4; lastKnownFileType = sourcecode.swift; name = StationModel.swift; path = youbike/stations/StationModel.swift; sourceTree = "<group>"; };
		3C8C2F3E1CCE455500B5890C /* youbike.json */ = {isa = PBXFileReference; fileEncoding = 4; lastKnownFileType = text.json; path = youbike.json; sourceTree = "<group>"; };
		3C8C2F401CCE53BE00B5890C /* NavigationController.swift */ = {isa = PBXFileReference; fileEncoding = 4; lastKnownFileType = sourcecode.swift; path = NavigationController.swift; sourceTree = "<group>"; };
		3C985DD11CCF986E00B1B5F2 /* MyMap.swift */ = {isa = PBXFileReference; fileEncoding = 4; lastKnownFileType = sourcecode.swift; path = MyMap.swift; sourceTree = "<group>"; };
		3C985DD31CCF98BE00B1B5F2 /* MapViewController.swift */ = {isa = PBXFileReference; fileEncoding = 4; lastKnownFileType = sourcecode.swift; path = MapViewController.swift; sourceTree = "<group>"; };
/* End PBXFileReference section */

/* Begin PBXFrameworksBuildPhase section */
		3C8C2F121CCE378D00B5890C /* Frameworks */ = {
			isa = PBXFrameworksBuildPhase;
			buildActionMask = 2147483647;
			files = (
			);
			runOnlyForDeploymentPostprocessing = 0;
		};
/* End PBXFrameworksBuildPhase section */

/* Begin PBXGroup section */
		3C8C2F0C1CCE378D00B5890C = {
			isa = PBXGroup;
			children = (
				3C8C2F361CCE3FB200B5890C /* stations */,
				3C8C2F171CCE378D00B5890C /* youbike */,
				3C8C2F161CCE378D00B5890C /* Products */,
				3C8C2F371CCE42FA00B5890C /* resources */,
			);
			sourceTree = "<group>";
		};
		3C8C2F161CCE378D00B5890C /* Products */ = {
			isa = PBXGroup;
			children = (
				3C8C2F151CCE378D00B5890C /* youbike.app */,
			);
			name = Products;
			sourceTree = "<group>";
		};
		3C8C2F171CCE378D00B5890C /* youbike */ = {
			isa = PBXGroup;
			children = (
				3C8C2F181CCE378D00B5890C /* AppDelegate.swift */,
				3C8C2F2A1CCE37DE00B5890C /* RootViewController.swift */,
				3C8C2F1C1CCE378D00B5890C /* Main.storyboard */,
				3C985DD31CCF98BE00B1B5F2 /* MapViewController.swift */,
				3C985DD11CCF986E00B1B5F2 /* MyMap.swift */,
				3C8C2F401CCE53BE00B5890C /* NavigationController.swift */,
				3C8C2F1F1CCE378D00B5890C /* Assets.xcassets */,
				3C8C2F211CCE378D00B5890C /* LaunchScreen.storyboard */,
				3C8C2F241CCE378D00B5890C /* Info.plist */,
			);
			path = youbike;
			sourceTree = "<group>";
		};
		3C8C2F361CCE3FB200B5890C /* stations */ = {
			isa = PBXGroup;
			children = (
				3C8C2F321CCE3FA900B5890C /* UIColor+YBKAdditions.swift */,
				3C8C2F331CCE3FA900B5890C /* UIFont+YBKAdditions.swift */,
				3C8C2F2C1CCE38AF00B5890C /* MyCell.swift */,
				3C8C2F3C1CCE43A500B5890C /* StationModel.swift */,
			);
			name = stations;
			sourceTree = "<group>";
		};
		3C8C2F371CCE42FA00B5890C /* resources */ = {
			isa = PBXGroup;
			children = (
				3C8C2F3E1CCE455500B5890C /* youbike.json */,
			);
			name = resources;
			path = youbike/resources;
			sourceTree = "<group>";
		};
/* End PBXGroup section */

/* Begin PBXNativeTarget section */
		3C8C2F141CCE378D00B5890C /* youbike */ = {
			isa = PBXNativeTarget;
			buildConfigurationList = 3C8C2F271CCE378D00B5890C /* Build configuration list for PBXNativeTarget "youbike" */;
			buildPhases = (
				3C8C2F111CCE378D00B5890C /* Sources */,
				3C8C2F121CCE378D00B5890C /* Frameworks */,
				3C8C2F131CCE378D00B5890C /* Resources */,
			);
			buildRules = (
			);
			dependencies = (
			);
			name = youbike;
			productName = youbike;
			productReference = 3C8C2F151CCE378D00B5890C /* youbike.app */;
			productType = "com.apple.product-type.application";
		};
/* End PBXNativeTarget section */

/* Begin PBXProject section */
		3C8C2F0D1CCE378D00B5890C /* Project object */ = {
			isa = PBXProject;
			attributes = {
				LastSwiftUpdateCheck = 0720;
				LastUpgradeCheck = 0720;
				ORGANIZATIONNAME = "AppWorks School Ian Cheng";
				TargetAttributes = {
					3C8C2F141CCE378D00B5890C = {
						CreatedOnToolsVersion = 7.2.1;
					};
				};
			};
			buildConfigurationList = 3C8C2F101CCE378D00B5890C /* Build configuration list for PBXProject "youbike" */;
			compatibilityVersion = "Xcode 3.2";
			developmentRegion = English;
			hasScannedForEncodings = 0;
			knownRegions = (
				en,
				Base,
			);
			mainGroup = 3C8C2F0C1CCE378D00B5890C;
			productRefGroup = 3C8C2F161CCE378D00B5890C /* Products */;
			projectDirPath = "";
			projectRoot = "";
			targets = (
				3C8C2F141CCE378D00B5890C /* youbike */,
			);
		};
/* End PBXProject section */

/* Begin PBXResourcesBuildPhase section */
		3C8C2F131CCE378D00B5890C /* Resources */ = {
			isa = PBXResourcesBuildPhase;
			buildActionMask = 2147483647;
			files = (
				3C8C2F3F1CCE455500B5890C /* youbike.json in Resources */,
				3C8C2F231CCE378D00B5890C /* LaunchScreen.storyboard in Resources */,
				3C8C2F201CCE378D00B5890C /* Assets.xcassets in Resources */,
				3C8C2F1E1CCE378D00B5890C /* Main.storyboard in Resources */,
			);
			runOnlyForDeploymentPostprocessing = 0;
		};
/* End PBXResourcesBuildPhase section */

/* Begin PBXSourcesBuildPhase section */
		3C8C2F111CCE378D00B5890C /* Sources */ = {
			isa = PBXSourcesBuildPhase;
			buildActionMask = 2147483647;
			files = (
				3C8C2F2D1CCE38AF00B5890C /* MyCell.swift in Sources */,
				3C8C2F2B1CCE37DE00B5890C /* RootViewController.swift in Sources */,
				3C985DD21CCF986E00B1B5F2 /* MyMap.swift in Sources */,
				3C8C2F341CCE3FA900B5890C /* UIColor+YBKAdditions.swift in Sources */,
				3C985DD41CCF98BE00B1B5F2 /* MapViewController.swift in Sources */,
				3C8C2F351CCE3FA900B5890C /* UIFont+YBKAdditions.swift in Sources */,
				3C8C2F3D1CCE43A500B5890C /* StationModel.swift in Sources */,
				3C8C2F411CCE53BE00B5890C /* NavigationController.swift in Sources */,
				3C8C2F191CCE378D00B5890C /* AppDelegate.swift in Sources */,
			);
			runOnlyForDeploymentPostprocessing = 0;
		};
/* End PBXSourcesBuildPhase section */

/* Begin PBXVariantGroup section */
		3C8C2F1C1CCE378D00B5890C /* Main.storyboard */ = {
			isa = PBXVariantGroup;
			children = (
				3C8C2F1D1CCE378D00B5890C /* Base */,
			);
			name = Main.storyboard;
			sourceTree = "<group>";
		};
		3C8C2F211CCE378D00B5890C /* LaunchScreen.storyboard */ = {
			isa = PBXVariantGroup;
			children = (
				3C8C2F221CCE378D00B5890C /* Base */,
			);
			name = LaunchScreen.storyboard;
			sourceTree = "<group>";
		};
/* End PBXVariantGroup section */

/* Begin XCBuildConfiguration section */
		3C8C2F251CCE378D00B5890C /* Debug */ = {
			isa = XCBuildConfiguration;
			buildSettings = {
				ALWAYS_SEARCH_USER_PATHS = NO;
				CLANG_CXX_LANGUAGE_STANDARD = "gnu++0x";
				CLANG_CXX_LIBRARY = "libc++";
				CLANG_ENABLE_MODULES = YES;
				CLANG_ENABLE_OBJC_ARC = YES;
				CLANG_WARN_BOOL_CONVERSION = YES;
				CLANG_WARN_CONSTANT_CONVERSION = YES;
				CLANG_WARN_DIRECT_OBJC_ISA_USAGE = YES_ERROR;
				CLANG_WARN_EMPTY_BODY = YES;
				CLANG_WARN_ENUM_CONVERSION = YES;
				CLANG_WARN_INT_CONVERSION = YES;
				CLANG_WARN_OBJC_ROOT_CLASS = YES_ERROR;
				CLANG_WARN_UNREACHABLE_CODE = YES;
				CLANG_WARN__DUPLICATE_METHOD_MATCH = YES;
				"CODE_SIGN_IDENTITY[sdk=iphoneos*]" = "iPhone Developer";
				COPY_PHASE_STRIP = NO;
				DEBUG_INFORMATION_FORMAT = dwarf;
				ENABLE_STRICT_OBJC_MSGSEND = YES;
				ENABLE_TESTABILITY = YES;
				GCC_C_LANGUAGE_STANDARD = gnu99;
				GCC_DYNAMIC_NO_PIC = NO;
				GCC_NO_COMMON_BLOCKS = YES;
				GCC_OPTIMIZATION_LEVEL = 0;
				GCC_PREPROCESSOR_DEFINITIONS = (
					"DEBUG=1",
					"$(inherited)",
				);
				GCC_WARN_64_TO_32_BIT_CONVERSION = YES;
				GCC_WARN_ABOUT_RETURN_TYPE = YES_ERROR;
				GCC_WARN_UNDECLARED_SELECTOR = YES;
				GCC_WARN_UNINITIALIZED_AUTOS = YES_AGGRESSIVE;
				GCC_WARN_UNUSED_FUNCTION = YES;
				GCC_WARN_UNUSED_VARIABLE = YES;
				IPHONEOS_DEPLOYMENT_TARGET = 9.2;
				MTL_ENABLE_DEBUG_INFO = YES;
				ONLY_ACTIVE_ARCH = YES;
				SDKROOT = iphoneos;
				SWIFT_OPTIMIZATION_LEVEL = "-Onone";
			};
			name = Debug;
		};
		3C8C2F261CCE378D00B5890C /* Release */ = {
			isa = XCBuildConfiguration;
			buildSettings = {
				ALWAYS_SEARCH_USER_PATHS = NO;
				CLANG_CXX_LANGUAGE_STANDARD = "gnu++0x";
				CLANG_CXX_LIBRARY = "libc++";
				CLANG_ENABLE_MODULES = YES;
				CLANG_ENABLE_OBJC_ARC = YES;
				CLANG_WARN_BOOL_CONVERSION = YES;
				CLANG_WARN_CONSTANT_CONVERSION = YES;
				CLANG_WARN_DIRECT_OBJC_ISA_USAGE = YES_ERROR;
				CLANG_WARN_EMPTY_BODY = YES;
				CLANG_WARN_ENUM_CONVERSION = YES;
				CLANG_WARN_INT_CONVERSION = YES;
				CLANG_WARN_OBJC_ROOT_CLASS = YES_ERROR;
				CLANG_WARN_UNREACHABLE_CODE = YES;
				CLANG_WARN__DUPLICATE_METHOD_MATCH = YES;
				"CODE_SIGN_IDENTITY[sdk=iphoneos*]" = "iPhone Developer";
				COPY_PHASE_STRIP = NO;
				DEBUG_INFORMATION_FORMAT = "dwarf-with-dsym";
				ENABLE_NS_ASSERTIONS = NO;
				ENABLE_STRICT_OBJC_MSGSEND = YES;
				GCC_C_LANGUAGE_STANDARD = gnu99;
				GCC_NO_COMMON_BLOCKS = YES;
				GCC_WARN_64_TO_32_BIT_CONVERSION = YES;
				GCC_WARN_ABOUT_RETURN_TYPE = YES_ERROR;
				GCC_WARN_UNDECLARED_SELECTOR = YES;
				GCC_WARN_UNINITIALIZED_AUTOS = YES_AGGRESSIVE;
				GCC_WARN_UNUSED_FUNCTION = YES;
				GCC_WARN_UNUSED_VARIABLE = YES;
				IPHONEOS_DEPLOYMENT_TARGET = 9.2;
				MTL_ENABLE_DEBUG_INFO = NO;
				SDKROOT = iphoneos;
				VALIDATE_PRODUCT = YES;
			};
			name = Release;
		};
		3C8C2F281CCE378D00B5890C /* Debug */ = {
			isa = XCBuildConfiguration;
			buildSettings = {
				ASSETCATALOG_COMPILER_APPICON_NAME = AppIcon;
				INFOPLIST_FILE = youbike/Info.plist;
				LD_RUNPATH_SEARCH_PATHS = "$(inherited) @executable_path/Frameworks";
				PRODUCT_BUNDLE_IDENTIFIER = "com.appworks-school-iancheng.youbike";
				PRODUCT_NAME = "$(TARGET_NAME)";
			};
			name = Debug;
		};
		3C8C2F291CCE378D00B5890C /* Release */ = {
			isa = XCBuildConfiguration;
			buildSettings = {
				ASSETCATALOG_COMPILER_APPICON_NAME = AppIcon;
				INFOPLIST_FILE = youbike/Info.plist;
				LD_RUNPATH_SEARCH_PATHS = "$(inherited) @executable_path/Frameworks";
				PRODUCT_BUNDLE_IDENTIFIER = "com.appworks-school-iancheng.youbike";
				PRODUCT_NAME = "$(TARGET_NAME)";
			};
			name = Release;
		};
/* End XCBuildConfiguration section */

/* Begin XCConfigurationList section */
		3C8C2F101CCE378D00B5890C /* Build configuration list for PBXProject "youbike" */ = {
			isa = XCConfigurationList;
			buildConfigurations = (
				3C8C2F251CCE378D00B5890C /* Debug */,
				3C8C2F261CCE378D00B5890C /* Release */,
			);
			defaultConfigurationIsVisible = 0;
			defaultConfigurationName = Release;
		};
		3C8C2F271CCE378D00B5890C /* Build configuration list for PBXNativeTarget "youbike" */ = {
			isa = XCConfigurationList;
			buildConfigurations = (
				3C8C2F281CCE378D00B5890C /* Debug */,
				3C8C2F291CCE378D00B5890C /* Release */,
			);
			defaultConfigurationIsVisible = 0;
			defaultConfigurationName = Release;
		};
/* End XCConfigurationList section */
	};
	rootObject = 3C8C2F0D1CCE378D00B5890C /* Project object */;
}
